
Microsoft Visual Studio Solution File, Format Version 12.00
# Visual Studio Version 17
VisualStudioVersion = 17.9.34728.123
MinimumVisualStudioVersion = 10.0.40219.1
Project("{FAE04EC0-301F-11D3-BF4B-00C04F79EFBC}") = "BankManagement", "BankManagement\BankManagement.csproj", "{B95CAEE2-F49D-4FD9-AC99-2193240B3DD6}"
EndProject
Global
	GlobalSection(SolutionConfigurationPlatforms) = preSolution
		Debug|Any CPU = Debug|Any CPU
		Release|Any CPU = Release|Any CPU
	EndGlobalSection
	GlobalSection(ProjectConfigurationPlatforms) = postSolution
		{B95CAEE2-F49D-4FD9-AC99-2193240B3DD6}.Debug|Any CPU.ActiveCfg = Debug|Any CPU
		{B95CAEE2-F49D-4FD9-AC99-2193240B3DD6}.Debug|Any CPU.Build.0 = Debug|Any CPU
		{B95CAEE2-F49D-4FD9-AC99-2193240B3DD6}.Release|Any CPU.ActiveCfg = Release|Any CPU
		{B95CAEE2-F49D-4FD9-AC99-2193240B3DD6}.Release|Any CPU.Build.0 = Release|Any CPU
	EndGlobalSection
	GlobalSection(SolutionProperties) = preSolution
		HideSolutionNode = FALSE
	EndGlobalSection
	GlobalSection(ExtensibilityGlobals) = postSolution
		SolutionGuid = {80BABC97-D5C7-4220-A140-DD9ADADDEE51}
	EndGlobalSection
EndGlobal
